
Microsoft Visual Studio Solution File, Format Version 12.00
# Visual Studio Version 17
VisualStudioVersion = 17.11.35312.102
MinimumVisualStudioVersion = 10.0.40219.1
Project("{FAE04EC0-301F-11D3-BF4B-00C04F79EFBC}") = "APIDesafio", "APIDesafio.csproj", "{E5486978-1B8A-4094-8D1B-7778508CD7AE}"
EndProject
Project("{FAE04EC0-301F-11D3-BF4B-00C04F79EFBC}") = "Domain", "..\Domain\Domain.csproj", "{B30D4A67-721F-4CE8-AEC2-189F397B1BF8}"
EndProject
Project("{FAE04EC0-301F-11D3-BF4B-00C04F79EFBC}") = "Application", "..\Application\Application.csproj", "{7C01A5F0-4BA8-4241-A804-A2BDCD13A3C3}"
EndProject
Project("{FAE04EC0-301F-11D3-BF4B-00C04F79EFBC}") = "Infra", "..\Infra\Infra.csproj", "{263A2AF9-2206-42D9-80C2-BDA470C84397}"
EndProject
Global
	GlobalSection(SolutionConfigurationPlatforms) = preSolution
		Debug|Any CPU = Debug|Any CPU
		Release|Any CPU = Release|Any CPU
	EndGlobalSection
	GlobalSection(ProjectConfigurationPlatforms) = postSolution
		{E5486978-1B8A-4094-8D1B-7778508CD7AE}.Debug|Any CPU.ActiveCfg = Debug|Any CPU
		{E5486978-1B8A-4094-8D1B-7778508CD7AE}.Debug|Any CPU.Build.0 = Debug|Any CPU
		{E5486978-1B8A-4094-8D1B-7778508CD7AE}.Release|Any CPU.ActiveCfg = Release|Any CPU
		{E5486978-1B8A-4094-8D1B-7778508CD7AE}.Release|Any CPU.Build.0 = Release|Any CPU
		{B30D4A67-721F-4CE8-AEC2-189F397B1BF8}.Debug|Any CPU.ActiveCfg = Debug|Any CPU
		{B30D4A67-721F-4CE8-AEC2-189F397B1BF8}.Debug|Any CPU.Build.0 = Debug|Any CPU
		{B30D4A67-721F-4CE8-AEC2-189F397B1BF8}.Release|Any CPU.ActiveCfg = Release|Any CPU
		{B30D4A67-721F-4CE8-AEC2-189F397B1BF8}.Release|Any CPU.Build.0 = Release|Any CPU
		{7C01A5F0-4BA8-4241-A804-A2BDCD13A3C3}.Debug|Any CPU.ActiveCfg = Debug|Any CPU
		{7C01A5F0-4BA8-4241-A804-A2BDCD13A3C3}.Debug|Any CPU.Build.0 = Debug|Any CPU
		{7C01A5F0-4BA8-4241-A804-A2BDCD13A3C3}.Release|Any CPU.ActiveCfg = Release|Any CPU
		{7C01A5F0-4BA8-4241-A804-A2BDCD13A3C3}.Release|Any CPU.Build.0 = Release|Any CPU
		{263A2AF9-2206-42D9-80C2-BDA470C84397}.Debug|Any CPU.ActiveCfg = Debug|Any CPU
		{263A2AF9-2206-42D9-80C2-BDA470C84397}.Debug|Any CPU.Build.0 = Debug|Any CPU
		{263A2AF9-2206-42D9-80C2-BDA470C84397}.Release|Any CPU.ActiveCfg = Release|Any CPU
		{263A2AF9-2206-42D9-80C2-BDA470C84397}.Release|Any CPU.Build.0 = Release|Any CPU
	EndGlobalSection
	GlobalSection(SolutionProperties) = preSolution
		HideSolutionNode = FALSE
	EndGlobalSection
	GlobalSection(ExtensibilityGlobals) = postSolution
		SolutionGuid = {6742363D-DA2F-4661-A4B2-7AA536C4C27A}
	EndGlobalSection
EndGlobal
